# Run ./gradlew --write-locks to regenerate this file
com.amazonaws:aws-athena-federation-sdk:2021.33.1 (1 constraints: ce051d4c)
com.amazonaws:aws-java-sdk-athena:1.11.800 (1 constraints: 5111dff1)
com.amazonaws:aws-java-sdk-core:1.11.800 (6 constraints: 8558db64)
com.amazonaws:aws-java-sdk-glue:1.11.800 (1 constraints: 5111dff1)
com.amazonaws:aws-java-sdk-kms:1.11.800 (2 constraints: 571e9cef)
com.amazonaws:aws-java-sdk-lambda:1.11.800 (1 constraints: 5111dff1)
com.amazonaws:aws-java-sdk-s3:1.11.800 (1 constraints: 5111dff1)
com.amazonaws:aws-java-sdk-secretsmanager:1.11.800 (1 constraints: 5111dff1)
com.amazonaws:aws-lambda-java-core:1.2.1 (2 constraints: b31fdb2e)
com.amazonaws:aws-lambda-java-log4j2:1.5.1 (1 constraints: 09050036)
com.amazonaws:jmespath-java:1.11.800 (6 constraints: 8558db64)
com.fasterxml.jackson.core:jackson-annotations:2.13.3 (7 constraints: b679594e)
com.fasterxml.jackson.core:jackson-core:2.13.3 (10 constraints: 33d02173)
com.fasterxml.jackson.core:jackson-databind:2.13.3 (19 constraints: 8368ed80)
com.fasterxml.jackson.dataformat:jackson-dataformat-cbor:2.13.3 (2 constraints: fa29c0f2)
com.fasterxml.jackson.dataformat:jackson-dataformat-smile:2.13.3 (1 constraints: 7d1c9aa4)
com.fasterxml.jackson.datatype:jackson-datatype-guava:2.13.3 (1 constraints: 7d1c9aa4)
com.fasterxml.jackson.datatype:jackson-datatype-jdk8:2.13.3 (1 constraints: 7d1c9aa4)
com.fasterxml.jackson.datatype:jackson-datatype-joda:2.13.3 (1 constraints: 7d1c9aa4)
com.fasterxml.jackson.datatype:jackson-datatype-jsr310:2.13.3 (1 constraints: 7d1c9aa4)
com.fasterxml.jackson.module:jackson-module-afterburner:2.13.3 (1 constraints: 991c95a6)
com.github.ben-manes.caffeine:caffeine:3.1.1 (4 constraints: 07424a17)
com.google.code.findbugs:jsr305:3.0.2 (15 constraints: 2ef01f69)
com.google.errorprone:error_prone_annotations:2.14.0 (18 constraints: 421ee8d8)
com.google.flatbuffers:flatbuffers-java:1.9.0 (2 constraints: e5199714)
com.google.guava:failureaccess:1.0.1 (1 constraints: 140ae1b4)
com.google.guava:guava:31.1-jre (17 constraints: 07355bb8)
com.google.guava:listenablefuture:9999.0-empty-to-avoid-conflict-with-guava (1 constraints: bd17c918)
com.google.j2objc:j2objc-annotations:1.3 (1 constraints: b809eda0)
com.palantir.conjure.java:conjure-lib:6.65.0 (3 constraints: 6d251d52)
com.palantir.conjure.java.api:errors:2.27.0 (3 constraints: 4031de4a)
com.palantir.conjure.java.api:service-config:2.27.0 (4 constraints: 3948174d)
com.palantir.conjure.java.api:ssl-config:2.27.0 (2 constraints: a5252239)
com.palantir.conjure.java.runtime:client-config:7.33.0 (3 constraints: 263414fc)
com.palantir.conjure.java.runtime:conjure-java-jackson-optimizations:7.33.0 (1 constraints: 831cbfa4)
com.palantir.conjure.java.runtime:conjure-java-jackson-serialization:7.33.0 (2 constraints: 14158ac4)
com.palantir.conjure.java.runtime:keystores:7.33.0 (2 constraints: d62427fb)
com.palantir.dialogue:dialogue-apache-hc5-client:3.68.0 (1 constraints: bc1058be)
com.palantir.dialogue:dialogue-blocking-channels:3.68.0 (2 constraints: e12333b4)
com.palantir.dialogue:dialogue-clients:3.68.0 (1 constraints: 4305613b)
com.palantir.dialogue:dialogue-core:3.68.0 (2 constraints: c0241102)
com.palantir.dialogue:dialogue-futures:3.68.0 (3 constraints: da3345c0)
com.palantir.dialogue:dialogue-serde:3.68.0 (1 constraints: bc1058be)
com.palantir.dialogue:dialogue-target:3.68.0 (6 constraints: db5de7ae)
com.palantir.refreshable:refreshable:2.2.0 (2 constraints: 642473b7)
com.palantir.ri:resource-identifier:2.5.0 (3 constraints: a72f8136)
com.palantir.safe-logging:logger:1.28.0 (14 constraints: 10edfcde)
com.palantir.safe-logging:logger-slf4j:1.28.0 (1 constraints: 360e9750)
com.palantir.safe-logging:logger-spi:1.28.0 (2 constraints: 7b1e44b1)
com.palantir.safe-logging:preconditions:1.28.0 (19 constraints: 9f47a6b6)
com.palantir.safe-logging:safe-logging:1.28.0 (17 constraints: e91ac81b)
com.palantir.safethreadlocalrandom:safe-thread-local-random:0.1.0 (3 constraints: 933225f9)
com.palantir.tokens:auth-tokens:3.14.0 (4 constraints: fb421419)
com.palantir.tracing:tracing:6.12.0 (4 constraints: be47bbe0)
com.palantir.tracing:tracing-api:6.12.0 (3 constraints: 3730e1e3)
com.palantir.tritium:tritium-api:0.49.0 (2 constraints: 3b1fd6bd)
com.palantir.tritium:tritium-core:0.49.0 (1 constraints: 451053a2)
com.palantir.tritium:tritium-metrics:0.49.0 (4 constraints: ce4727e5)
com.palantir.tritium:tritium-registry:0.49.0 (7 constraints: e37c71d4)
commons-codec:commons-codec:1.15 (3 constraints: bf2fa6d4)
io.dropwizard.metrics:metrics-core:4.1.1 (5 constraints: 3e537a16)
io.netty:netty-buffer:4.1.48.Final (1 constraints: ae11c8e9)
io.netty:netty-common:4.1.48.Final (3 constraints: 332df90f)
jakarta.annotation:jakarta.annotation-api:1.3.5 (1 constraints: f10f7399)
jakarta.ws.rs:jakarta.ws.rs-api:2.1.6 (2 constraints: 951f64ef)
joda-time:joda-time:2.10.8 (2 constraints: a7230a67)
org.apache.arrow:arrow-format:3.0.0 (1 constraints: f10cd214)
org.apache.arrow:arrow-memory-core:3.0.0 (4 constraints: 0432e6ad)
org.apache.arrow:arrow-memory-netty:3.0.0 (2 constraints: bd1548e5)
org.apache.arrow:arrow-vector:3.0.0 (2 constraints: bd1548e5)
org.apache.commons:commons-lang3:3.9 (1 constraints: 6410469d)
org.apache.httpcomponents:httpclient:4.5.9 (1 constraints: 810ddd31)
org.apache.httpcomponents:httpcore:4.4.11 (1 constraints: 571014a2)
org.apache.httpcomponents.client5:httpclient5:5.1.3 (1 constraints: cd13956e)
org.apache.httpcomponents.core5:httpcore5:5.1.4 (3 constraints: 6139a70d)
org.apache.httpcomponents.core5:httpcore5-h2:5.1.3 (1 constraints: 3d13093c)
org.apache.logging.log4j:log4j-api:2.17.1 (4 constraints: 013496a9)
org.apache.logging.log4j:log4j-core:2.17.1 (3 constraints: 442537ac)
org.apache.logging.log4j:log4j-slf4j-impl:2.17.1 (1 constraints: 3d05453b)
org.bouncycastle:bcprov-jdk15on:1.61 (1 constraints: 9010cdad)
org.checkerframework:checker-qual:3.22.0 (2 constraints: 741a7f74)
org.hdrhistogram:HdrHistogram:2.1.12 (1 constraints: 3e103aa2)
org.jetbrains:annotations:23.0.0 (1 constraints: 37053c3b)
org.mpierce.metrics.reservoir:hdrhistogram-metrics-reservoir:1.1.3 (1 constraints: 0d10f991)
org.slf4j:jcl-over-slf4j:1.7.30 (1 constraints: f1107ecf)
org.slf4j:slf4j-api:1.7.36 (12 constraints: dfb6c971)
software.amazon.ion:ion-java:1.0.2 (1 constraints: 720db831)

[Test dependencies]
com.palantir.conjure.java.api:test-utils:2.20.0 (1 constraints: 3605333b)
net.bytebuddy:byte-buddy:1.11.13 (1 constraints: 710ba7e9)
net.bytebuddy:byte-buddy-agent:1.11.13 (1 constraints: 710ba7e9)
org.apiguardian:apiguardian-api:1.1.0 (5 constraints: 0654a8a8)
org.assertj:assertj-core:3.20.2 (2 constraints: 8316ed20)
org.junit.jupiter:junit-jupiter:5.7.2 (1 constraints: 10051b36)
org.junit.jupiter:junit-jupiter-api:5.7.2 (4 constraints: 3b3eb601)
org.junit.jupiter:junit-jupiter-engine:5.7.2 (1 constraints: 0b0edc3b)
org.junit.jupiter:junit-jupiter-params:5.7.2 (1 constraints: 0b0edc3b)
org.junit.platform:junit-platform-commons:1.7.2 (2 constraints: db20d44a)
org.junit.platform:junit-platform-engine:1.7.2 (1 constraints: aa1024b4)
org.mockito:mockito-core:3.12.4 (3 constraints: 7a259054)
org.mockito:mockito-junit-jupiter:3.12.4 (1 constraints: 3c053f3b)
org.objenesis:objenesis:3.2 (1 constraints: b10a13bd)
org.opentest4j:opentest4j:1.2.0 (2 constraints: cd205b49)
