# Run ./gradlew writeVersionsLocks to regenerate this file
com.amazonaws:aws-athena-federation-sdk:2024.33.1 (1 constraints: d1052f4c)
com.amazonaws:aws-java-sdk-athena:1.12.770 (1 constraints: 5811eff1)
com.amazonaws:aws-java-sdk-core:1.12.770 (8 constraints: c7778155)
com.amazonaws:aws-java-sdk-glue:1.12.770 (1 constraints: 5811eff1)
com.amazonaws:aws-java-sdk-kms:1.12.770 (2 constraints: 651edbf0)
com.amazonaws:aws-java-sdk-lambda:1.12.770 (1 constraints: 5811eff1)
com.amazonaws:aws-java-sdk-s3:1.12.770 (1 constraints: 5811eff1)
com.amazonaws:aws-java-sdk-secretsmanager:1.12.770 (1 constraints: 5811eff1)
com.amazonaws:aws-java-sdk-sts:1.12.770 (1 constraints: 5811eff1)
com.amazonaws:aws-lambda-java-core:1.2.3 (2 constraints: b61f652f)
com.amazonaws:aws-lambda-java-log4j2:1.5.1 (1 constraints: 09050036)
com.amazonaws:jmespath-java:1.12.770 (8 constraints: c7778155)
com.fasterxml.jackson.core:jackson-annotations:2.17.2 (10 constraints: baad112d)
com.fasterxml.jackson.core:jackson-core:2.17.2 (12 constraints: 5df6aab9)
com.fasterxml.jackson.core:jackson-databind:2.17.2 (19 constraints: b461102a)
com.fasterxml.jackson.dataformat:jackson-dataformat-cbor:2.17.2 (3 constraints: 1d3b35be)
com.fasterxml.jackson.dataformat:jackson-dataformat-smile:2.17.2 (1 constraints: 821ca7a4)
com.fasterxml.jackson.datatype:jackson-datatype-guava:2.17.2 (1 constraints: 821ca7a4)
com.fasterxml.jackson.datatype:jackson-datatype-jdk8:2.17.2 (1 constraints: 821ca7a4)
com.fasterxml.jackson.datatype:jackson-datatype-joda:2.17.2 (1 constraints: 821ca7a4)
com.fasterxml.jackson.datatype:jackson-datatype-jsr310:2.17.2 (2 constraints: 732dee9d)
com.github.ben-manes.caffeine:caffeine:3.1.8 (4 constraints: 1f42a61c)
com.google.code.findbugs:jsr305:3.0.2 (18 constraints: 1a33a3d5)
com.google.errorprone:error_prone_annotations:2.28.0 (21 constraints: fe5cd866)
com.google.flatbuffers:flatbuffers-java:1.9.0 (2 constraints: e5199714)
com.google.guava:failureaccess:1.0.2 (1 constraints: 150ae2b4)
com.google.guava:guava:33.3.0-jre (19 constraints: 756bf3d6)
com.google.guava:listenablefuture:9999.0-empty-to-avoid-conflict-with-guava (1 constraints: bd17c918)
com.google.j2objc:j2objc-annotations:3.0.0 (1 constraints: 150aeab4)
com.palantir.conjure.java:conjure-lib:8.25.0 (3 constraints: 6225a44f)
com.palantir.conjure.java.api:errors:2.53.0 (3 constraints: 4431a74b)
com.palantir.conjure.java.api:service-config:2.53.0 (4 constraints: 3848c44d)
com.palantir.conjure.java.api:ssl-config:2.53.0 (4 constraints: 754a439a)
com.palantir.conjure.java.runtime:client-config:8.13.0 (3 constraints: 2034f1fa)
com.palantir.conjure.java.runtime:conjure-java-jackson-optimizations:8.13.0 (1 constraints: 821cbda4)
com.palantir.conjure.java.runtime:conjure-java-jackson-serialization:8.13.0 (2 constraints: 1415eac4)
com.palantir.conjure.java.runtime:keystores:8.13.0 (2 constraints: d324f0fa)
com.palantir.dialogue:dialogue-apache-hc5-client:3.137.0 (1 constraints: e9102ecf)
com.palantir.dialogue:dialogue-blocking-channels:3.137.0 (2 constraints: 3b2490f4)
com.palantir.dialogue:dialogue-clients:3.137.0 (1 constraints: 7005be40)
com.palantir.dialogue:dialogue-core:3.137.0 (2 constraints: 1a25a743)
com.palantir.dialogue:dialogue-futures:3.137.0 (3 constraints: 6134a245)
com.palantir.dialogue:dialogue-serde:3.137.0 (1 constraints: e9102ecf)
com.palantir.dialogue:dialogue-target:3.137.0 (6 constraints: e75ef166)
com.palantir.nylon:nylon-threads:0.4.0 (1 constraints: 0c10fa91)
com.palantir.refreshable:refreshable:2.5.0 (3 constraints: a2334171)
com.palantir.ri:resource-identifier:2.7.0 (3 constraints: ad2fa537)
com.palantir.safe-logging:logger:3.7.0 (17 constraints: 75233f5b)
com.palantir.safe-logging:logger-slf4j:3.7.0 (1 constraints: 050e6842)
com.palantir.safe-logging:logger-spi:3.7.0 (2 constraints: 191ea27b)
com.palantir.safe-logging:preconditions:3.7.0 (22 constraints: a274e60c)
com.palantir.safe-logging:safe-logging:3.7.0 (21 constraints: f264559a)
com.palantir.safethreadlocalrandom:safe-thread-local-random:0.1.0 (3 constraints: 933225f9)
com.palantir.tokens:auth-tokens:3.18.0 (4 constraints: 0b43c01d)
com.palantir.tracing:tracing:6.18.0 (4 constraints: d647b7e7)
com.palantir.tracing:tracing-api:6.18.0 (3 constraints: 4930ede6)
com.palantir.tritium:tritium-api:0.88.0 (2 constraints: 411f7abe)
com.palantir.tritium:tritium-core:0.88.0 (1 constraints: 481060a2)
com.palantir.tritium:tritium-ids:0.88.0 (1 constraints: d30fb896)
com.palantir.tritium:tritium-metrics:0.88.0 (5 constraints: 94587234)
com.palantir.tritium:tritium-registry:0.90.0 (8 constraints: 73991e24)
commons-codec:commons-codec:1.15 (3 constraints: fa29c012)
io.dropwizard.metrics:metrics-core:4.2.27 (7 constraints: 9181e5f3)
io.netty:netty-buffer:4.1.48.Final (1 constraints: ae11c8e9)
io.netty:netty-common:4.1.48.Final (3 constraints: 332df90f)
javax.annotation:javax.annotation-api:1.3.2 (1 constraints: 551085db)
joda-time:joda-time:2.12.7 (2 constraints: 052481a4)
org.apache.arrow:arrow-format:3.0.0 (1 constraints: f10cd214)
org.apache.arrow:arrow-memory-core:3.0.0 (3 constraints: 4c214ea3)
org.apache.arrow:arrow-memory-netty:3.0.0 (1 constraints: 0505fa35)
org.apache.arrow:arrow-vector:3.0.0 (1 constraints: 0505fa35)
org.apache.commons:commons-lang3:3.16.0 (1 constraints: f01080cf)
org.apache.httpcomponents:httpclient:4.5.13 (1 constraints: ac0d813f)
org.apache.httpcomponents:httpcore:4.4.13 (1 constraints: 591016a2)
org.apache.httpcomponents.client5:httpclient5:5.3.1 (1 constraints: cd13996e)
org.apache.httpcomponents.core5:httpcore5:5.2.4 (3 constraints: 6639870e)
org.apache.httpcomponents.core5:httpcore5-h2:5.2.4 (1 constraints: 3f130d3c)
org.apache.logging.log4j:log4j-api:2.23.1 (4 constraints: f8333ba7)
org.apache.logging.log4j:log4j-core:2.23.1 (3 constraints: 3e2504ab)
org.apache.logging.log4j:log4j-slf4j-impl:2.23.1 (1 constraints: 3a053d3b)
org.bouncycastle:bcprov-jdk15on:1.70 (1 constraints: 9010cead)
org.checkerframework:checker-qual:3.43.0 (2 constraints: 7e1a6175)
org.eclipse.collections:eclipse-collections:11.1.0 (1 constraints: 1b108aa9)
org.eclipse.collections:eclipse-collections-api:11.1.0 (2 constraints: f8229c26)
org.hdrhistogram:HdrHistogram:2.1.12 (1 constraints: 3e103aa2)
org.immutables:value:2.10.1 (1 constraints: c70f9196)
org.jboss.logging:jboss-logging:3.4.1.Final (1 constraints: db0f3c8f)
org.jboss.threads:jboss-threads:3.5.0.Final (1 constraints: 601057a5)
org.jetbrains:annotations:24.1.0 (4 constraints: 45371c8f)
org.mpierce.metrics.reservoir:hdrhistogram-metrics-reservoir:1.1.3 (1 constraints: 0d10f991)
org.slf4j:jcl-over-slf4j:2.0.16 (1 constraints: ef106acf)
org.slf4j:slf4j-api:2.0.16 (12 constraints: e2b65d73)
org.wildfly.common:wildfly-common:1.5.0.Final (1 constraints: d90f288f)
software.amazon.jsii:jsii-runtime:1.102.0 (1 constraints: 1a1182e0)

[Test dependencies]
com.palantir.conjure.java.api:test-utils:2.53.0 (1 constraints: 3c05483b)
net.bytebuddy:byte-buddy:1.15.0 (2 constraints: c516c250)
net.bytebuddy:byte-buddy-agent:1.15.0 (1 constraints: 410b41de)
org.apiguardian:apiguardian-api:1.1.2 (5 constraints: 105480ac)
org.assertj:assertj-core:3.26.3 (2 constraints: 90166e22)
org.junit.jupiter:junit-jupiter:5.11.0 (1 constraints: 3905443b)
org.junit.jupiter:junit-jupiter-api:5.11.0 (4 constraints: df3e44c8)
org.junit.jupiter:junit-jupiter-engine:5.11.0 (1 constraints: 340e004a)
org.junit.jupiter:junit-jupiter-params:5.11.0 (1 constraints: 340e004a)
org.junit.platform:junit-platform-commons:1.11.0 (2 constraints: 2d215183)
org.junit.platform:junit-platform-engine:1.11.0 (1 constraints: d310e7c4)
org.mockito:mockito-core:5.13.0 (3 constraints: 79258154)
org.mockito:mockito-junit-jupiter:5.13.0 (1 constraints: 3b054a3b)
org.objenesis:objenesis:3.3 (1 constraints: b20a14bd)
org.opentest4j:opentest4j:1.3.0 (2 constraints: cf209249)
