# Run ./gradlew writeVersionsLocks to regenerate this file
com.amazonaws:aws-athena-federation-sdk:2025.31.1 (1 constraints: d0052f4c)
com.amazonaws:aws-encryption-sdk-java:3.0.2 (1 constraints: bb1081be)
com.amazonaws:aws-lambda-java-core:1.3.0 (2 constraints: b41f0b2f)
com.amazonaws:aws-lambda-java-log4j2:1.5.1 (1 constraints: 09050036)
com.fasterxml.jackson.core:jackson-annotations:2.19.2 (11 constraints: 70c48f26)
com.fasterxml.jackson.core:jackson-core:2.19.2 (12 constraints: 73f672d6)
com.fasterxml.jackson.core:jackson-databind:2.19.2 (17 constraints: b247545e)
com.fasterxml.jackson.dataformat:jackson-dataformat-cbor:2.19.2 (2 constraints: 762d959e)
com.fasterxml.jackson.dataformat:jackson-dataformat-smile:2.19.2 (1 constraints: 831caca4)
com.fasterxml.jackson.datatype:jackson-datatype-guava:2.19.2 (1 constraints: 831caca4)
com.fasterxml.jackson.datatype:jackson-datatype-jdk8:2.19.2 (1 constraints: 831caca4)
com.fasterxml.jackson.datatype:jackson-datatype-joda:2.19.2 (1 constraints: 831caca4)
com.fasterxml.jackson.datatype:jackson-datatype-jsr310:2.19.2 (2 constraints: 762d959e)
com.github.ben-manes.caffeine:caffeine:3.2.2 (5 constraints: 5152fd96)
com.google.code.findbugs:jsr305:3.0.2 (10 constraints: cdb89045)
com.google.errorprone:error_prone_annotations:2.40.0 (23 constraints: e57b01b7)
com.google.flatbuffers:flatbuffers-java:1.9.0 (2 constraints: e5199714)
com.google.guava:failureaccess:1.0.3 (1 constraints: 160ae3b4)
com.google.guava:guava:33.4.8-jre (21 constraints: a492b398)
com.google.guava:listenablefuture:9999.0-empty-to-avoid-conflict-with-guava (1 constraints: bd17c918)
com.google.j2objc:j2objc-annotations:3.0.0 (1 constraints: 150aeab4)
com.palantir.conjure.java:conjure-lib:8.50.0 (4 constraints: eb4191eb)
com.palantir.conjure.java.api:errors:2.62.0 (4 constraints: ab409c76)
com.palantir.conjure.java.api:service-config:2.61.0 (4 constraints: 3348014c)
com.palantir.conjure.java.api:ssl-config:2.61.0 (4 constraints: 6f4a6d98)
com.palantir.conjure.java.runtime:client-config:8.22.0 (3 constraints: 233487fb)
com.palantir.conjure.java.runtime:conjure-java-jackson-optimizations:8.22.0 (1 constraints: 821cbea4)
com.palantir.conjure.java.runtime:conjure-java-jackson-serialization:8.22.0 (2 constraints: 1515efc4)
com.palantir.conjure.java.runtime:keystores:8.22.0 (2 constraints: d424f5fa)
com.palantir.deadlines:deadlines:0.14.0 (1 constraints: 670f1586)
com.palantir.dialogue:dialogue-apache-hc5-client:6.3.0 (1 constraints: 841090ad)
com.palantir.dialogue:dialogue-blocking-channels:6.3.0 (2 constraints: 71235d72)
com.palantir.dialogue:dialogue-clients:6.3.0 (1 constraints: 0b051236)
com.palantir.dialogue:dialogue-core:6.3.0 (2 constraints: 5024ddbe)
com.palantir.dialogue:dialogue-futures:6.3.0 (3 constraints: 32336d36)
com.palantir.dialogue:dialogue-serde:6.3.0 (1 constraints: 841090ad)
com.palantir.dialogue:dialogue-target:6.3.0 (6 constraints: ee5c2947)
com.palantir.nylon:nylon-threads:0.4.0 (1 constraints: 0c10fa91)
com.palantir.refreshable:refreshable:2.7.0 (3 constraints: a8336172)
com.palantir.ri:resource-identifier:2.9.0 (3 constraints: b22f6b38)
com.palantir.safe-logging:logger:3.9.0 (19 constraints: 0742ad98)
com.palantir.safe-logging:logger-slf4j:3.9.0 (1 constraints: 070e6e42)
com.palantir.safe-logging:logger-spi:3.9.0 (2 constraints: 1d1e0c7c)
com.palantir.safe-logging:preconditions:3.9.0 (25 constraints: a3a20281)
com.palantir.safe-logging:safe-logging:3.9.0 (23 constraints: 8d83f80f)
com.palantir.safethreadlocalrandom:safe-thread-local-random:0.3.0 (1 constraints: 350faa76)
com.palantir.tokens:auth-tokens:3.18.0 (4 constraints: 0b43c01d)
com.palantir.tracing:tracing:6.24.0 (5 constraints: 1d5643cd)
com.palantir.tracing:tracing-api:6.24.0 (3 constraints: 40306ae5)
com.palantir.tritium:tritium-api:0.102.0 (2 constraints: 871f0cf3)
com.palantir.tritium:tritium-caffeine:0.102.0 (1 constraints: de10fece)
com.palantir.tritium:tritium-core:0.102.0 (1 constraints: 6b109db2)
com.palantir.tritium:tritium-ids:0.102.0 (1 constraints: f60f80a6)
com.palantir.tritium:tritium-metrics:0.102.0 (6 constraints: 42682de6)
com.palantir.tritium:tritium-registry:0.102.0 (10 constraints: 94b94ad9)
commons-codec:commons-codec:1.17.1 (3 constraints: a62c9882)
io.dropwizard.metrics:metrics-core:4.2.33 (8 constraints: 7b90eada)
io.netty:netty-buffer:4.1.118.Final (9 constraints: 429068fa)
io.netty:netty-codec:4.1.118.Final (4 constraints: 453ca283)
io.netty:netty-codec-http:4.1.118.Final (2 constraints: 9621d9be)
io.netty:netty-codec-http2:4.1.118.Final (1 constraints: 8613315b)
io.netty:netty-common:4.1.118.Final (12 constraints: 5ab934f8)
io.netty:netty-handler:4.1.118.Final (3 constraints: 742fc35e)
io.netty:netty-resolver:4.1.118.Final (3 constraints: 372eac90)
io.netty:netty-transport:4.1.118.Final (7 constraints: b57011ec)
io.netty:netty-transport-classes-epoll:4.1.118.Final (1 constraints: 8613315b)
io.netty:netty-transport-native-unix-common:4.1.118.Final (2 constraints: 1620291d)
joda-time:joda-time:2.12.7 (1 constraints: 2f16b1f1)
org.apache.arrow:arrow-format:3.0.0 (1 constraints: f10cd214)
org.apache.arrow:arrow-memory-core:3.0.0 (3 constraints: 4c214ea3)
org.apache.arrow:arrow-memory-netty:3.0.0 (1 constraints: 0505fa35)
org.apache.arrow:arrow-vector:3.0.0 (1 constraints: 0505fa35)
org.apache.commons:commons-lang3:3.18.0 (2 constraints: 39219e9a)
org.apache.httpcomponents:httpclient:4.5.13 (1 constraints: f70fa29f)
org.apache.httpcomponents:httpcore:4.4.16 (2 constraints: 5120c331)
org.apache.httpcomponents.client5:httpclient5:5.3.1 (1 constraints: cd13996e)
org.apache.httpcomponents.core5:httpcore5:5.3.4 (3 constraints: 6739f50e)
org.apache.httpcomponents.core5:httpcore5-h2:5.2.4 (1 constraints: 3f130d3c)
org.apache.logging.log4j:log4j-api:2.24.0 (4 constraints: f83341a7)
org.apache.logging.log4j:log4j-core:2.24.0 (3 constraints: 3e2508ab)
org.apache.logging.log4j:log4j-slf4j-impl:2.24.0 (1 constraints: 3a053f3b)
org.bouncycastle:bcprov-jdk18on:1.81 (3 constraints: ec3c357b)
org.checkerframework:checker-qual:3.26.0 (1 constraints: 7d106ab2)
org.dafny:DafnyRuntime:4.8.0 (2 constraints: 1c2d0d5a)
org.eclipse.collections:eclipse-collections:11.1.0 (1 constraints: 1b108aa9)
org.eclipse.collections:eclipse-collections-api:11.1.0 (2 constraints: f8229c26)
org.hdrhistogram:HdrHistogram:2.2.2 (1 constraints: 0e100092)
org.immutables:value:2.11.1 (1 constraints: c80f9496)
org.jboss.logging:jboss-logging:3.4.1.Final (1 constraints: db0f3c8f)
org.jboss.threads:jboss-threads:3.5.0.Final (1 constraints: 601057a5)
org.jetbrains:annotations:26.0.2 (3 constraints: 3826c998)
org.jspecify:jspecify:1.0.0 (14 constraints: e1df5a75)
org.mpierce.metrics.reservoir:hdrhistogram-metrics-reservoir:1.1.3 (1 constraints: 0d10f991)
org.reactivestreams:reactive-streams:1.0.4 (5 constraints: 0a4c482d)
org.slf4j:jcl-over-slf4j:2.0.17 (1 constraints: f0106bcf)
org.slf4j:slf4j-api:2.0.17 (16 constraints: 20f17656)
org.wildfly.common:wildfly-common:1.5.0.Final (1 constraints: d90f288f)
software.amazon.awssdk:annotations:2.32.12 (35 constraints: 0d12cf99)
software.amazon.awssdk:apache-client:2.32.12 (9 constraints: 877c5fe2)
software.amazon.awssdk:arns:2.32.12 (1 constraints: bc0b8ff9)
software.amazon.awssdk:athena:2.32.12 (1 constraints: 201197e0)
software.amazon.awssdk:auth:2.32.12 (9 constraints: 9e79ddbe)
software.amazon.awssdk:aws-core:2.32.12 (11 constraints: 2da143d2)
software.amazon.awssdk:aws-json-protocol:2.32.12 (6 constraints: 3e534485)
software.amazon.awssdk:aws-query-protocol:2.32.12 (2 constraints: ed1dac7f)
software.amazon.awssdk:aws-xml-protocol:2.32.12 (1 constraints: bc0b8ff9)
software.amazon.awssdk:checksums:2.32.12 (3 constraints: 152a02dd)
software.amazon.awssdk:checksums-spi:2.32.12 (4 constraints: f038408b)
software.amazon.awssdk:crt-core:2.32.12 (1 constraints: bc0b8ff9)
software.amazon.awssdk:dynamodb:2.26.3 (1 constraints: 061cf270)
software.amazon.awssdk:endpoints-spi:2.32.12 (10 constraints: cb870ef0)
software.amazon.awssdk:glue:2.32.12 (1 constraints: 201197e0)
software.amazon.awssdk:http-auth:2.32.12 (10 constraints: 65862ec8)
software.amazon.awssdk:http-auth-aws:2.32.12 (10 constraints: 5c86a3b2)
software.amazon.awssdk:http-auth-aws-eventstream:2.32.12 (1 constraints: c80c661a)
software.amazon.awssdk:http-auth-spi:2.32.12 (13 constraints: 72b3da8f)
software.amazon.awssdk:http-client-spi:2.32.12 (20 constraints: 5b2becea)
software.amazon.awssdk:identity-spi:2.32.12 (14 constraints: 9fc3097c)
software.amazon.awssdk:json-utils:2.32.12 (11 constraints: 21986ed4)
software.amazon.awssdk:kms:2.32.12 (3 constraints: 723d57f0)
software.amazon.awssdk:lambda:2.32.12 (1 constraints: 201197e0)
software.amazon.awssdk:metrics-spi:2.32.12 (13 constraints: 50baf770)
software.amazon.awssdk:netty-nio-client:2.32.12 (2 constraints: 971a1f66)
software.amazon.awssdk:profiles:2.32.12 (7 constraints: 975da3eb)
software.amazon.awssdk:protocol-core:2.32.12 (11 constraints: 2da143d2)
software.amazon.awssdk:regions:2.32.12 (10 constraints: 65862ec8)
software.amazon.awssdk:retries:2.32.12 (2 constraints: 641c1505)
software.amazon.awssdk:retries-spi:2.32.12 (11 constraints: de955019)
software.amazon.awssdk:s3:2.32.12 (1 constraints: 201197e0)
software.amazon.awssdk:sdk-core:2.32.12 (15 constraints: 93da0e82)
software.amazon.awssdk:secretsmanager:2.32.12 (1 constraints: 201197e0)
software.amazon.awssdk:sts:2.32.12 (1 constraints: 201197e0)
software.amazon.awssdk:third-party-jackson-core:2.32.12 (2 constraints: 1421f191)
software.amazon.awssdk:utils:2.32.12 (31 constraints: fbce5051)
software.amazon.cryptography:aws-cryptographic-material-providers:1.7.0 (1 constraints: 1910559e)
software.amazon.eventstream:eventstream:1.0.1 (3 constraints: cd2e5385)
software.amazon.smithy.dafny:conversion:0.1 (1 constraints: 6c1b6d1d)

[Test dependencies]
com.palantir.conjure.java.api:test-utils:2.62.0 (1 constraints: 3c05493b)
net.bytebuddy:byte-buddy:1.17.5 (2 constraints: c616fe4f)
net.bytebuddy:byte-buddy-agent:1.17.5 (1 constraints: 480b4cde)
org.apiguardian:apiguardian-api:1.1.2 (5 constraints: 105480ac)
org.assertj:assertj-core:3.27.3 (2 constraints: 9316a922)
org.junit.jupiter:junit-jupiter:5.13.4 (1 constraints: 3f054e3b)
org.junit.jupiter:junit-jupiter-api:5.13.4 (4 constraints: f53eccce)
org.junit.jupiter:junit-jupiter-engine:5.13.4 (1 constraints: 3a0e0a4a)
org.junit.jupiter:junit-jupiter-params:5.13.4 (1 constraints: 3a0e0a4a)
org.junit.platform:junit-platform-commons:1.13.4 (2 constraints: 39219184)
org.junit.platform:junit-platform-engine:1.13.4 (1 constraints: d910f1c4)
org.mockito:mockito-core:5.18.0 (3 constraints: 89258457)
org.mockito:mockito-junit-jupiter:5.18.0 (1 constraints: 4005593b)
org.objenesis:objenesis:3.3 (1 constraints: b20a14bd)
org.opentest4j:opentest4j:1.3.0 (2 constraints: cf209249)
